{
  "name": "test",
  "lockfileVersion": 3,
  "requires": true,
  "packages": {
    "": {
      "dependencies": {
        "jquey": "^0.0.1-security"
      }
    },
    "node_modules/jquey": {
      "version": "0.0.1-security",
      "resolved": "https://registry.npmjs.org/jquey/-/jquey-0.0.1-security.tgz",
      "integrity": "sha512-VFbXpLat/1mGSeNrVxbWJ3XftyaV8jccwOYnbUSoXJipj2wftpUC1F+vxLJke9R9CdlMOyPUUms16oJ42ivoIA=="
    }
  }
}
